
Microsoft Visual Studio Solution File, Format Version 12.00
Project("{FAE04EC0-301F-11D3-BF4B-00C04F79EFBC}") = "Server", "src\backend\Server\Server.csproj", "{381A3A93-8BCC-430B-814C-97A3BEF9FD8D}"
EndProject
Project("{FAE04EC0-301F-11D3-BF4B-00C04F79EFBC}") = "Infrastructure", "src\backend\Infrastructure\Infrastructure.csproj", "{65B3ABB8-3E76-498A-9BBE-1C4F7976E5F1}"
EndProject
Project("{FAE04EC0-301F-11D3-BF4B-00C04F79EFBC}") = "Core", "src\backend\Core\Core.csproj", "{A2494ADF-8BAE-4FD4-9692-C949DB647084}"
EndProject
Global
	GlobalSection(SolutionConfigurationPlatforms) = preSolution
		Debug|Any CPU = Debug|Any CPU
		Release|Any CPU = Release|Any CPU
	EndGlobalSection
	GlobalSection(ProjectConfigurationPlatforms) = postSolution
		{381A3A93-8BCC-430B-814C-97A3BEF9FD8D}.Debug|Any CPU.ActiveCfg = Debug|Any CPU
		{381A3A93-8BCC-430B-814C-97A3BEF9FD8D}.Debug|Any CPU.Build.0 = Debug|Any CPU
		{381A3A93-8BCC-430B-814C-97A3BEF9FD8D}.Release|Any CPU.ActiveCfg = Release|Any CPU
		{381A3A93-8BCC-430B-814C-97A3BEF9FD8D}.Release|Any CPU.Build.0 = Release|Any CPU
		{65B3ABB8-3E76-498A-9BBE-1C4F7976E5F1}.Debug|Any CPU.ActiveCfg = Debug|Any CPU
		{65B3ABB8-3E76-498A-9BBE-1C4F7976E5F1}.Debug|Any CPU.Build.0 = Debug|Any CPU
		{65B3ABB8-3E76-498A-9BBE-1C4F7976E5F1}.Release|Any CPU.ActiveCfg = Release|Any CPU
		{65B3ABB8-3E76-498A-9BBE-1C4F7976E5F1}.Release|Any CPU.Build.0 = Release|Any CPU
		{A2494ADF-8BAE-4FD4-9692-C949DB647084}.Debug|Any CPU.ActiveCfg = Debug|Any CPU
		{A2494ADF-8BAE-4FD4-9692-C949DB647084}.Debug|Any CPU.Build.0 = Debug|Any CPU
		{A2494ADF-8BAE-4FD4-9692-C949DB647084}.Release|Any CPU.ActiveCfg = Release|Any CPU
		{A2494ADF-8BAE-4FD4-9692-C949DB647084}.Release|Any CPU.Build.0 = Release|Any CPU
	EndGlobalSection
EndGlobal
